
Microsoft Visual Studio Solution File, Format Version 12.00
Project("{FAE04EC0-301F-11D3-BF4B-00C04F79EFBC}") = "tg-cli", "tg-cli\tg-cli.csproj", "{B999909D-4386-4E1D-A77F-32CF15CF9851}"
EndProject
Project("{FAE04EC0-301F-11D3-BF4B-00C04F79EFBC}") = "SettingsManagement", "SettingsManagement\SettingsManagement.csproj", "{6031A886-290F-415E-BC3B-19725DEE818F}"
EndProject
Project("{FAE04EC0-301F-11D3-BF4B-00C04F79EFBC}") = "SettingsPropertyChangedGenerator", "SettingsPropertyChangedGenerator\SettingsPropertyChangedGenerator.csproj", "{B6083D19-3E40-4B4C-BA45-8144813FA633}"
EndProject
Global
	GlobalSection(SolutionConfigurationPlatforms) = preSolution
		Debug|Any CPU = Debug|Any CPU
		Release|Any CPU = Release|Any CPU
	EndGlobalSection
	GlobalSection(ProjectConfigurationPlatforms) = postSolution
		{B999909D-4386-4E1D-A77F-32CF15CF9851}.Debug|Any CPU.ActiveCfg = Debug|Any CPU
		{B999909D-4386-4E1D-A77F-32CF15CF9851}.Debug|Any CPU.Build.0 = Debug|Any CPU
		{B999909D-4386-4E1D-A77F-32CF15CF9851}.Release|Any CPU.ActiveCfg = Release|Any CPU
		{B999909D-4386-4E1D-A77F-32CF15CF9851}.Release|Any CPU.Build.0 = Release|Any CPU
		{6031A886-290F-415E-BC3B-19725DEE818F}.Debug|Any CPU.ActiveCfg = Debug|Any CPU
		{6031A886-290F-415E-BC3B-19725DEE818F}.Debug|Any CPU.Build.0 = Debug|Any CPU
		{6031A886-290F-415E-BC3B-19725DEE818F}.Release|Any CPU.ActiveCfg = Release|Any CPU
		{6031A886-290F-415E-BC3B-19725DEE818F}.Release|Any CPU.Build.0 = Release|Any CPU
		{B6083D19-3E40-4B4C-BA45-8144813FA633}.Debug|Any CPU.ActiveCfg = Debug|Any CPU
		{B6083D19-3E40-4B4C-BA45-8144813FA633}.Debug|Any CPU.Build.0 = Debug|Any CPU
		{B6083D19-3E40-4B4C-BA45-8144813FA633}.Release|Any CPU.ActiveCfg = Release|Any CPU
		{B6083D19-3E40-4B4C-BA45-8144813FA633}.Release|Any CPU.Build.0 = Release|Any CPU
	EndGlobalSection
EndGlobal
